
Microsoft Visual Studio Solution File, Format Version 12.00
# Visual Studio Version 16
VisualStudioVersion = 16.0.28922.388
MinimumVisualStudioVersion = 10.0.40219.1
Project("{F184B08F-C81C-45F6-A57F-5ABD9991F28F}") = "textoid", "textoid\textoid.vbproj", "{4FC65CE5-F474-478A-83F5-C91B4C6BBBCB}"
EndProject
Global
	GlobalSection(SolutionConfigurationPlatforms) = preSolution
		Debug|Any CPU = Debug|Any CPU
		Release|Any CPU = Release|Any CPU
	EndGlobalSection
	GlobalSection(ProjectConfigurationPlatforms) = postSolution
		{4FC65CE5-F474-478A-83F5-C91B4C6BBBCB}.Debug|Any CPU.ActiveCfg = Debug|Any CPU
		{4FC65CE5-F474-478A-83F5-C91B4C6BBBCB}.Debug|Any CPU.Build.0 = Debug|Any CPU
		{4FC65CE5-F474-478A-83F5-C91B4C6BBBCB}.Release|Any CPU.ActiveCfg = Release|Any CPU
		{4FC65CE5-F474-478A-83F5-C91B4C6BBBCB}.Release|Any CPU.Build.0 = Release|Any CPU
	EndGlobalSection
	GlobalSection(SolutionProperties) = preSolution
		HideSolutionNode = FALSE
	EndGlobalSection
	GlobalSection(ExtensibilityGlobals) = postSolution
		SolutionGuid = {61B4F07C-8662-4144-8A40-0FD172B1ED76}
	EndGlobalSection
EndGlobal
